
Microsoft Visual Studio Solution File, Format Version 12.00
# Visual Studio 14
VisualStudioVersion = 14.0.24627.0
MinimumVisualStudioVersion = 10.0.40219.1
Project("{8BB2217D-0F2D-49D1-97BC-3654ED321F3B}") = "Akka", "core\Akka\Akka.xproj", "{2749E8A7-F332-424E-9E46-28D90864D838}"
EndProject
Project("{8BB2217D-0F2D-49D1-97BC-3654ED321F3B}") = "Akka.TestKit.Xunit2", "contrib\testkits\Akka.TestKit.Xunit2\Akka.TestKit.Xunit2.xproj", "{3DDADD89-27AB-453C-8797-1ED7385AE85F}"
EndProject
Project("{2150E333-8FDC-42A3-9474-1A3956D46DE8}") = "Solution Items", "Solution Items", "{4CBED480-FACF-4791-81AE-13E6A0A68624}"
	ProjectSection(SolutionItems) = preProject
		global.json = global.json
	EndProjectSection
EndProject
Project("{8BB2217D-0F2D-49D1-97BC-3654ED321F3B}") = "Akka.Logger.Serilog", "contrib\loggers\Akka.Logger.Serilog\Akka.Logger.Serilog.xproj", "{0E19E1B0-31BB-4A32-A628-D29E521CC0DD}"
EndProject
Project("{8BB2217D-0F2D-49D1-97BC-3654ED321F3B}") = "Akka.TestKit", "core\Akka.TestKit\Akka.TestKit.xproj", "{663432E0-50A0-4350-A647-BA172035D033}"
EndProject
Global
	GlobalSection(SolutionConfigurationPlatforms) = preSolution
		Debug|Any CPU = Debug|Any CPU
		Release|Any CPU = Release|Any CPU
	EndGlobalSection
	GlobalSection(ProjectConfigurationPlatforms) = postSolution
		{2749E8A7-F332-424E-9E46-28D90864D838}.Debug|Any CPU.ActiveCfg = Debug|Any CPU
		{2749E8A7-F332-424E-9E46-28D90864D838}.Debug|Any CPU.Build.0 = Debug|Any CPU
		{2749E8A7-F332-424E-9E46-28D90864D838}.Release|Any CPU.ActiveCfg = Release|Any CPU
		{2749E8A7-F332-424E-9E46-28D90864D838}.Release|Any CPU.Build.0 = Release|Any CPU
		{3DDADD89-27AB-453C-8797-1ED7385AE85F}.Debug|Any CPU.ActiveCfg = Debug|Any CPU
		{3DDADD89-27AB-453C-8797-1ED7385AE85F}.Debug|Any CPU.Build.0 = Debug|Any CPU
		{3DDADD89-27AB-453C-8797-1ED7385AE85F}.Release|Any CPU.ActiveCfg = Release|Any CPU
		{3DDADD89-27AB-453C-8797-1ED7385AE85F}.Release|Any CPU.Build.0 = Release|Any CPU
		{0E19E1B0-31BB-4A32-A628-D29E521CC0DD}.Debug|Any CPU.ActiveCfg = Debug|Any CPU
		{0E19E1B0-31BB-4A32-A628-D29E521CC0DD}.Debug|Any CPU.Build.0 = Debug|Any CPU
		{0E19E1B0-31BB-4A32-A628-D29E521CC0DD}.Release|Any CPU.ActiveCfg = Release|Any CPU
		{0E19E1B0-31BB-4A32-A628-D29E521CC0DD}.Release|Any CPU.Build.0 = Release|Any CPU
		{663432E0-50A0-4350-A647-BA172035D033}.Debug|Any CPU.ActiveCfg = Debug|Any CPU
		{663432E0-50A0-4350-A647-BA172035D033}.Debug|Any CPU.Build.0 = Debug|Any CPU
		{663432E0-50A0-4350-A647-BA172035D033}.Release|Any CPU.ActiveCfg = Release|Any CPU
		{663432E0-50A0-4350-A647-BA172035D033}.Release|Any CPU.Build.0 = Release|Any CPU
	EndGlobalSection
	GlobalSection(SolutionProperties) = preSolution
		HideSolutionNode = FALSE
	EndGlobalSection
EndGlobal
